// !$*UTF8*$!
{
	archiveVersion = 1;
	classes = {
	};
	objectVersion = 56;
	objects = {

/* Begin PBXBuildFile section */
		C933FAEB2BC9A97E00BB43E8 /* SearchListViewModel.swift in Sources */ = {isa = PBXBuildFile; fileRef = C933FAEA2BC9A97E00BB43E8 /* SearchListViewModel.swift */; };
		C933FAED2BCB111700BB43E8 /* LoadingView.swift in Sources */ = {isa = PBXBuildFile; fileRef = C933FAEC2BCB111700BB43E8 /* LoadingView.swift */; };
		C933FAF12BCBAEF300BB43E8 /* DetailsView.swift in Sources */ = {isa = PBXBuildFile; fileRef = C933FAF02BCBAEF300BB43E8 /* DetailsView.swift */; };
		C933FAF32BCBAF0600BB43E8 /* DetailsViewModel.swift in Sources */ = {isa = PBXBuildFile; fileRef = C933FAF22BCBAF0600BB43E8 /* DetailsViewModel.swift */; };
		C933FAF52BCBB18900BB43E8 /* BlankPoster.swift in Sources */ = {isa = PBXBuildFile; fileRef = C933FAF42BCBB18900BB43E8 /* BlankPoster.swift */; };
		C9848E842BC84B84008DF4D6 /* OMDB_ViewerApp.swift in Sources */ = {isa = PBXBuildFile; fileRef = C9848E832BC84B84008DF4D6 /* OMDB_ViewerApp.swift */; };
		C9848E862BC84B84008DF4D6 /* SearchListView.swift in Sources */ = {isa = PBXBuildFile; fileRef = C9848E852BC84B84008DF4D6 /* SearchListView.swift */; };
		C9848E882BC84B86008DF4D6 /* Assets.xcassets in Resources */ = {isa = PBXBuildFile; fileRef = C9848E872BC84B86008DF4D6 /* Assets.xcassets */; };
		C9848E8B2BC84B86008DF4D6 /* Preview Assets.xcassets in Resources */ = {isa = PBXBuildFile; fileRef = C9848E8A2BC84B86008DF4D6 /* Preview Assets.xcassets */; };
		C9848E952BC84B86008DF4D6 /* OMDB_ViewerTests.swift in Sources */ = {isa = PBXBuildFile; fileRef = C9848E942BC84B86008DF4D6 /* OMDB_ViewerTests.swift */; };
		C9848E9F2BC84B86008DF4D6 /* OMDB_ViewerUITests.swift in Sources */ = {isa = PBXBuildFile; fileRef = C9848E9E2BC84B86008DF4D6 /* OMDB_ViewerUITests.swift */; };
		C9848EA12BC84B86008DF4D6 /* OMDB_ViewerUITestsLaunchTests.swift in Sources */ = {isa = PBXBuildFile; fileRef = C9848EA02BC84B86008DF4D6 /* OMDB_ViewerUITestsLaunchTests.swift */; };
		C9848EAF2BC84D2D008DF4D6 /* SDWebImageSwiftUI in Frameworks */ = {isa = PBXBuildFile; productRef = C9848EAE2BC84D2D008DF4D6 /* SDWebImageSwiftUI */; };
		C9848EB52BC85B4B008DF4D6 /* NetworkAccess.swift in Sources */ = {isa = PBXBuildFile; fileRef = C9848EB42BC85B4B008DF4D6 /* NetworkAccess.swift */; };
		C9848EB82BC85BA3008DF4D6 /* OMDBResponse.swift in Sources */ = {isa = PBXBuildFile; fileRef = C9848EB72BC85BA3008DF4D6 /* OMDBResponse.swift */; };
		C9848EBA2BC8626A008DF4D6 /* APIKey.example.swift in Sources */ = {isa = PBXBuildFile; fileRef = C9848EB92BC8626A008DF4D6 /* APIKey.example.swift */; };
		C9848EBC2BC862BF008DF4D6 /* APIKey.swift in Sources */ = {isa = PBXBuildFile; fileRef = C9848EBB2BC862BF008DF4D6 /* APIKey.swift */; };
		C9848EBE2BC863D8008DF4D6 /* NetworkAccessTests.swift in Sources */ = {isa = PBXBuildFile; fileRef = C9848EBD2BC863D8008DF4D6 /* NetworkAccessTests.swift */; };
		C9864A0A2BCC4518002C5654 /* View+ClearButton.swift in Sources */ = {isa = PBXBuildFile; fileRef = C9864A092BCC4518002C5654 /* View+ClearButton.swift */; };
		C9864A0C2BCCEBAE002C5654 /* SearchListViewModelTests.swift in Sources */ = {isa = PBXBuildFile; fileRef = C9864A0B2BCCEBAE002C5654 /* SearchListViewModelTests.swift */; };
		C9864A0E2BCCEBBC002C5654 /* DetailsViewModelTests.swift in Sources */ = {isa = PBXBuildFile; fileRef = C9864A0D2BCCEBBC002C5654 /* DetailsViewModelTests.swift */; };
		C9D7A2C12BC8ED5500DFFA80 /* SearchListCellView.swift in Sources */ = {isa = PBXBuildFile; fileRef = C9D7A2C02BC8ED5500DFFA80 /* SearchListCellView.swift */; };
/* End PBXBuildFile section */

/* Begin PBXContainerItemProxy section */
		C9848E912BC84B86008DF4D6 /* PBXContainerItemProxy */ = {
			isa = PBXContainerItemProxy;
			containerPortal = C9848E782BC84B84008DF4D6 /* Project object */;
			proxyType = 1;
			remoteGlobalIDString = C9848E7F2BC84B84008DF4D6;
			remoteInfo = "OMDB Viewer";
		};
		C9848E9B2BC84B86008DF4D6 /* PBXContainerItemProxy */ = {
			isa = PBXContainerItemProxy;
			containerPortal = C9848E782BC84B84008DF4D6 /* Project object */;
			proxyType = 1;
			remoteGlobalIDString = C9848E7F2BC84B84008DF4D6;
			remoteInfo = "OMDB Viewer";
		};
/* End PBXContainerItemProxy section */

/* Begin PBXFileReference section */
		C933FAEA2BC9A97E00BB43E8 /* SearchListViewModel.swift */ = {isa = PBXFileReference; lastKnownFileType = sourcecode.swift; path = SearchListViewModel.swift; sourceTree = "<group>"; };
		C933FAEC2BCB111700BB43E8 /* LoadingView.swift */ = {isa = PBXFileReference; lastKnownFileType = sourcecode.swift; path = LoadingView.swift; sourceTree = "<group>"; };
		C933FAF02BCBAEF300BB43E8 /* DetailsView.swift */ = {isa = PBXFileReference; lastKnownFileType = sourcecode.swift; path = DetailsView.swift; sourceTree = "<group>"; };
		C933FAF22BCBAF0600BB43E8 /* DetailsViewModel.swift */ = {isa = PBXFileReference; lastKnownFileType = sourcecode.swift; path = DetailsViewModel.swift; sourceTree = "<group>"; };
		C933FAF42BCBB18900BB43E8 /* BlankPoster.swift */ = {isa = PBXFileReference; lastKnownFileType = sourcecode.swift; path = BlankPoster.swift; sourceTree = "<group>"; };
		C9848E802BC84B84008DF4D6 /* OMDB Viewer.app */ = {isa = PBXFileReference; explicitFileType = wrapper.application; includeInIndex = 0; path = "OMDB Viewer.app"; sourceTree = BUILT_PRODUCTS_DIR; };
		C9848E832BC84B84008DF4D6 /* OMDB_ViewerApp.swift */ = {isa = PBXFileReference; lastKnownFileType = sourcecode.swift; path = OMDB_ViewerApp.swift; sourceTree = "<group>"; };
		C9848E852BC84B84008DF4D6 /* SearchListView.swift */ = {isa = PBXFileReference; lastKnownFileType = sourcecode.swift; path = SearchListView.swift; sourceTree = "<group>"; };
		C9848E872BC84B86008DF4D6 /* Assets.xcassets */ = {isa = PBXFileReference; lastKnownFileType = folder.assetcatalog; path = Assets.xcassets; sourceTree = "<group>"; };
		C9848E8A2BC84B86008DF4D6 /* Preview Assets.xcassets */ = {isa = PBXFileReference; lastKnownFileType = folder.assetcatalog; path = "Preview Assets.xcassets"; sourceTree = "<group>"; };
		C9848E902BC84B86008DF4D6 /* OMDB ViewerTests.xctest */ = {isa = PBXFileReference; explicitFileType = wrapper.cfbundle; includeInIndex = 0; path = "OMDB ViewerTests.xctest"; sourceTree = BUILT_PRODUCTS_DIR; };
		C9848E942BC84B86008DF4D6 /* OMDB_ViewerTests.swift */ = {isa = PBXFileReference; lastKnownFileType = sourcecode.swift; path = OMDB_ViewerTests.swift; sourceTree = "<group>"; };
		C9848E9A2BC84B86008DF4D6 /* OMDB ViewerUITests.xctest */ = {isa = PBXFileReference; explicitFileType = wrapper.cfbundle; includeInIndex = 0; path = "OMDB ViewerUITests.xctest"; sourceTree = BUILT_PRODUCTS_DIR; };
		C9848E9E2BC84B86008DF4D6 /* OMDB_ViewerUITests.swift */ = {isa = PBXFileReference; lastKnownFileType = sourcecode.swift; path = OMDB_ViewerUITests.swift; sourceTree = "<group>"; };
		C9848EA02BC84B86008DF4D6 /* OMDB_ViewerUITestsLaunchTests.swift */ = {isa = PBXFileReference; lastKnownFileType = sourcecode.swift; path = OMDB_ViewerUITestsLaunchTests.swift; sourceTree = "<group>"; };
		C9848EB42BC85B4B008DF4D6 /* NetworkAccess.swift */ = {isa = PBXFileReference; fileEncoding = 4; lastKnownFileType = sourcecode.swift; path = NetworkAccess.swift; sourceTree = "<group>"; };
		C9848EB72BC85BA3008DF4D6 /* OMDBResponse.swift */ = {isa = PBXFileReference; lastKnownFileType = sourcecode.swift; path = OMDBResponse.swift; sourceTree = "<group>"; };
		C9848EB92BC8626A008DF4D6 /* APIKey.example.swift */ = {isa = PBXFileReference; lastKnownFileType = sourcecode.swift; path = APIKey.example.swift; sourceTree = "<group>"; };
		C9848EBB2BC862BF008DF4D6 /* APIKey.swift */ = {isa = PBXFileReference; lastKnownFileType = sourcecode.swift; path = APIKey.swift; sourceTree = "<group>"; };
		C9848EBD2BC863D8008DF4D6 /* NetworkAccessTests.swift */ = {isa = PBXFileReference; lastKnownFileType = sourcecode.swift; path = NetworkAccessTests.swift; sourceTree = "<group>"; };
		C9864A092BCC4518002C5654 /* View+ClearButton.swift */ = {isa = PBXFileReference; lastKnownFileType = sourcecode.swift; path = "View+ClearButton.swift"; sourceTree = "<group>"; };
		C9864A0B2BCCEBAE002C5654 /* SearchListViewModelTests.swift */ = {isa = PBXFileReference; lastKnownFileType = sourcecode.swift; path = SearchListViewModelTests.swift; sourceTree = "<group>"; };
		C9864A0D2BCCEBBC002C5654 /* DetailsViewModelTests.swift */ = {isa = PBXFileReference; lastKnownFileType = sourcecode.swift; path = DetailsViewModelTests.swift; sourceTree = "<group>"; };
		C9D7A2C02BC8ED5500DFFA80 /* SearchListCellView.swift */ = {isa = PBXFileReference; lastKnownFileType = sourcecode.swift; path = SearchListCellView.swift; sourceTree = "<group>"; };
/* End PBXFileReference section */

/* Begin PBXFrameworksBuildPhase section */
		C9848E7D2BC84B84008DF4D6 /* Frameworks */ = {
			isa = PBXFrameworksBuildPhase;
			buildActionMask = 2147483647;
			files = (
				C9848EAF2BC84D2D008DF4D6 /* SDWebImageSwiftUI in Frameworks */,
			);
			runOnlyForDeploymentPostprocessing = 0;
		};
		C9848E8D2BC84B86008DF4D6 /* Frameworks */ = {
			isa = PBXFrameworksBuildPhase;
			buildActionMask = 2147483647;
			files = (
			);
			runOnlyForDeploymentPostprocessing = 0;
		};
		C9848E972BC84B86008DF4D6 /* Frameworks */ = {
			isa = PBXFrameworksBuildPhase;
			buildActionMask = 2147483647;
			files = (
			);
			runOnlyForDeploymentPostprocessing = 0;
		};
/* End PBXFrameworksBuildPhase section */

/* Begin PBXGroup section */
		C933FAEE2BCBAB5100BB43E8 /* SearchListView */ = {
			isa = PBXGroup;
			children = (
				C9848E852BC84B84008DF4D6 /* SearchListView.swift */,
				C933FAEA2BC9A97E00BB43E8 /* SearchListViewModel.swift */,
				C9D7A2C02BC8ED5500DFFA80 /* SearchListCellView.swift */,
			);
			path = SearchListView;
			sourceTree = "<group>";
		};
		C933FAEF2BCBAEC200BB43E8 /* DetailsView */ = {
			isa = PBXGroup;
			children = (
				C933FAF02BCBAEF300BB43E8 /* DetailsView.swift */,
				C933FAF22BCBAF0600BB43E8 /* DetailsViewModel.swift */,
			);
			path = DetailsView;
			sourceTree = "<group>";
		};
		C9848E772BC84B84008DF4D6 = {
			isa = PBXGroup;
			children = (
				C9848E822BC84B84008DF4D6 /* OMDB Viewer */,
				C9848E932BC84B86008DF4D6 /* OMDB ViewerTests */,
				C9848E9D2BC84B86008DF4D6 /* OMDB ViewerUITests */,
				C9848E812BC84B84008DF4D6 /* Products */,
			);
			sourceTree = "<group>";
		};
		C9848E812BC84B84008DF4D6 /* Products */ = {
			isa = PBXGroup;
			children = (
				C9848E802BC84B84008DF4D6 /* OMDB Viewer.app */,
				C9848E902BC84B86008DF4D6 /* OMDB ViewerTests.xctest */,
				C9848E9A2BC84B86008DF4D6 /* OMDB ViewerUITests.xctest */,
			);
			name = Products;
			sourceTree = "<group>";
		};
		C9848E822BC84B84008DF4D6 /* OMDB Viewer */ = {
			isa = PBXGroup;
			children = (
				C9848E832BC84B84008DF4D6 /* OMDB_ViewerApp.swift */,
				C9848EB62BC85B8A008DF4D6 /* Model */,
				C9848EB32BC85B3B008DF4D6 /* Utilities */,
				C9848EBF2BC8EB8A008DF4D6 /* Views */,
				C9848E872BC84B86008DF4D6 /* Assets.xcassets */,
				C9848E892BC84B86008DF4D6 /* Preview Content */,
			);
			path = "OMDB Viewer";
			sourceTree = "<group>";
		};
		C9848E892BC84B86008DF4D6 /* Preview Content */ = {
			isa = PBXGroup;
			children = (
				C9848E8A2BC84B86008DF4D6 /* Preview Assets.xcassets */,
			);
			path = "Preview Content";
			sourceTree = "<group>";
		};
		C9848E932BC84B86008DF4D6 /* OMDB ViewerTests */ = {
			isa = PBXGroup;
			children = (
				C9848E942BC84B86008DF4D6 /* OMDB_ViewerTests.swift */,
				C9848EBD2BC863D8008DF4D6 /* NetworkAccessTests.swift */,
				C9864A0B2BCCEBAE002C5654 /* SearchListViewModelTests.swift */,
				C9864A0D2BCCEBBC002C5654 /* DetailsViewModelTests.swift */,
			);
			path = "OMDB ViewerTests";
			sourceTree = "<group>";
		};
		C9848E9D2BC84B86008DF4D6 /* OMDB ViewerUITests */ = {
			isa = PBXGroup;
			children = (
				C9848E9E2BC84B86008DF4D6 /* OMDB_ViewerUITests.swift */,
				C9848EA02BC84B86008DF4D6 /* OMDB_ViewerUITestsLaunchTests.swift */,
			);
			path = "OMDB ViewerUITests";
			sourceTree = "<group>";
		};
		C9848EB32BC85B3B008DF4D6 /* Utilities */ = {
			isa = PBXGroup;
			children = (
				C9848EB42BC85B4B008DF4D6 /* NetworkAccess.swift */,
				C9864A092BCC4518002C5654 /* View+ClearButton.swift */,
				C9848EB92BC8626A008DF4D6 /* APIKey.example.swift */,
				C9848EBB2BC862BF008DF4D6 /* APIKey.swift */,
			);
			path = Utilities;
			sourceTree = "<group>";
		};
		C9848EB62BC85B8A008DF4D6 /* Model */ = {
			isa = PBXGroup;
			children = (
				C9848EB72BC85BA3008DF4D6 /* OMDBResponse.swift */,
			);
			path = Model;
			sourceTree = "<group>";
		};
		C9848EBF2BC8EB8A008DF4D6 /* Views */ = {
			isa = PBXGroup;
			children = (
				C933FAEC2BCB111700BB43E8 /* LoadingView.swift */,
				C933FAF42BCBB18900BB43E8 /* BlankPoster.swift */,
				C933FAEE2BCBAB5100BB43E8 /* SearchListView */,
				C933FAEF2BCBAEC200BB43E8 /* DetailsView */,
			);
			path = Views;
			sourceTree = "<group>";
		};
/* End PBXGroup section */

/* Begin PBXNativeTarget section */
		C9848E7F2BC84B84008DF4D6 /* OMDB Viewer */ = {
			isa = PBXNativeTarget;
			buildConfigurationList = C9848EA42BC84B86008DF4D6 /* Build configuration list for PBXNativeTarget "OMDB Viewer" */;
			buildPhases = (
				C9848E7C2BC84B84008DF4D6 /* Sources */,
				C9848E7D2BC84B84008DF4D6 /* Frameworks */,
				C9848E7E2BC84B84008DF4D6 /* Resources */,
			);
			buildRules = (
			);
			dependencies = (
			);
			name = "OMDB Viewer";
			packageProductDependencies = (
				C9848EAE2BC84D2D008DF4D6 /* SDWebImageSwiftUI */,
			);
			productName = "OMDB Viewer";
			productReference = C9848E802BC84B84008DF4D6 /* OMDB Viewer.app */;
			productType = "com.apple.product-type.application";
		};
		C9848E8F2BC84B86008DF4D6 /* OMDB ViewerTests */ = {
			isa = PBXNativeTarget;
			buildConfigurationList = C9848EA72BC84B86008DF4D6 /* Build configuration list for PBXNativeTarget "OMDB ViewerTests" */;
			buildPhases = (
				C9848E8C2BC84B86008DF4D6 /* Sources */,
				C9848E8D2BC84B86008DF4D6 /* Frameworks */,
				C9848E8E2BC84B86008DF4D6 /* Resources */,
			);
			buildRules = (
			);
			dependencies = (
				C9848E922BC84B86008DF4D6 /* PBXTargetDependency */,
			);
			name = "OMDB ViewerTests";
			productName = "OMDB ViewerTests";
			productReference = C9848E902BC84B86008DF4D6 /* OMDB ViewerTests.xctest */;
			productType = "com.apple.product-type.bundle.unit-test";
		};
		C9848E992BC84B86008DF4D6 /* OMDB ViewerUITests */ = {
			isa = PBXNativeTarget;
			buildConfigurationList = C9848EAA2BC84B86008DF4D6 /* Build configuration list for PBXNativeTarget "OMDB ViewerUITests" */;
			buildPhases = (
				C9848E962BC84B86008DF4D6 /* Sources */,
				C9848E972BC84B86008DF4D6 /* Frameworks */,
				C9848E982BC84B86008DF4D6 /* Resources */,
			);
			buildRules = (
			);
			dependencies = (
				C9848E9C2BC84B86008DF4D6 /* PBXTargetDependency */,
			);
			name = "OMDB ViewerUITests";
			productName = "OMDB ViewerUITests";
			productReference = C9848E9A2BC84B86008DF4D6 /* OMDB ViewerUITests.xctest */;
			productType = "com.apple.product-type.bundle.ui-testing";
		};
/* End PBXNativeTarget section */

/* Begin PBXProject section */
		C9848E782BC84B84008DF4D6 /* Project object */ = {
			isa = PBXProject;
			attributes = {
				BuildIndependentTargetsInParallel = 1;
				LastSwiftUpdateCheck = 1530;
				LastUpgradeCheck = 1530;
				TargetAttributes = {
					C9848E7F2BC84B84008DF4D6 = {
						CreatedOnToolsVersion = 15.3;
					};
					C9848E8F2BC84B86008DF4D6 = {
						CreatedOnToolsVersion = 15.3;
						TestTargetID = C9848E7F2BC84B84008DF4D6;
					};
					C9848E992BC84B86008DF4D6 = {
						CreatedOnToolsVersion = 15.3;
						TestTargetID = C9848E7F2BC84B84008DF4D6;
					};
				};
			};
			buildConfigurationList = C9848E7B2BC84B84008DF4D6 /* Build configuration list for PBXProject "OMDB Viewer" */;
			compatibilityVersion = "Xcode 14.0";
			developmentRegion = en;
			hasScannedForEncodings = 0;
			knownRegions = (
				en,
				Base,
			);
			mainGroup = C9848E772BC84B84008DF4D6;
			packageReferences = (
				C9848EAD2BC84D2D008DF4D6 /* XCRemoteSwiftPackageReference "SDWebImageSwiftUI" */,
			);
			productRefGroup = C9848E812BC84B84008DF4D6 /* Products */;
			projectDirPath = "";
			projectRoot = "";
			targets = (
				C9848E7F2BC84B84008DF4D6 /* OMDB Viewer */,
				C9848E8F2BC84B86008DF4D6 /* OMDB ViewerTests */,
				C9848E992BC84B86008DF4D6 /* OMDB ViewerUITests */,
			);
		};
/* End PBXProject section */

/* Begin PBXResourcesBuildPhase section */
		C9848E7E2BC84B84008DF4D6 /* Resources */ = {
			isa = PBXResourcesBuildPhase;
			buildActionMask = 2147483647;
			files = (
				C9848E8B2BC84B86008DF4D6 /* Preview Assets.xcassets in Resources */,
				C9848E882BC84B86008DF4D6 /* Assets.xcassets in Resources */,
			);
			runOnlyForDeploymentPostprocessing = 0;
		};
		C9848E8E2BC84B86008DF4D6 /* Resources */ = {
			isa = PBXResourcesBuildPhase;
			buildActionMask = 2147483647;
			files = (
			);
			runOnlyForDeploymentPostprocessing = 0;
		};
		C9848E982BC84B86008DF4D6 /* Resources */ = {
			isa = PBXResourcesBuildPhase;
			buildActionMask = 2147483647;
			files = (
			);
			runOnlyForDeploymentPostprocessing = 0;
		};
/* End PBXResourcesBuildPhase section */

/* Begin PBXSourcesBuildPhase section */
		C9848E7C2BC84B84008DF4D6 /* Sources */ = {
			isa = PBXSourcesBuildPhase;
			buildActionMask = 2147483647;
			files = (
				C9848EB52BC85B4B008DF4D6 /* NetworkAccess.swift in Sources */,
				C933FAF12BCBAEF300BB43E8 /* DetailsView.swift in Sources */,
				C9848EBA2BC8626A008DF4D6 /* APIKey.example.swift in Sources */,
				C933FAEB2BC9A97E00BB43E8 /* SearchListViewModel.swift in Sources */,
				C9848E862BC84B84008DF4D6 /* SearchListView.swift in Sources */,
				C9848EB82BC85BA3008DF4D6 /* OMDBResponse.swift in Sources */,
				C9864A0A2BCC4518002C5654 /* View+ClearButton.swift in Sources */,
				C9D7A2C12BC8ED5500DFFA80 /* SearchListCellView.swift in Sources */,
				C933FAF32BCBAF0600BB43E8 /* DetailsViewModel.swift in Sources */,
				C9848EBC2BC862BF008DF4D6 /* APIKey.swift in Sources */,
				C933FAF52BCBB18900BB43E8 /* BlankPoster.swift in Sources */,
				C9848E842BC84B84008DF4D6 /* OMDB_ViewerApp.swift in Sources */,
				C933FAED2BCB111700BB43E8 /* LoadingView.swift in Sources */,
			);
			runOnlyForDeploymentPostprocessing = 0;
		};
		C9848E8C2BC84B86008DF4D6 /* Sources */ = {
			isa = PBXSourcesBuildPhase;
			buildActionMask = 2147483647;
			files = (
				C9848EBE2BC863D8008DF4D6 /* NetworkAccessTests.swift in Sources */,
				C9848E952BC84B86008DF4D6 /* OMDB_ViewerTests.swift in Sources */,
				C9864A0C2BCCEBAE002C5654 /* SearchListViewModelTests.swift in Sources */,
				C9864A0E2BCCEBBC002C5654 /* DetailsViewModelTests.swift in Sources */,
			);
			runOnlyForDeploymentPostprocessing = 0;
		};
		C9848E962BC84B86008DF4D6 /* Sources */ = {
			isa = PBXSourcesBuildPhase;
			buildActionMask = 2147483647;
			files = (
				C9848EA12BC84B86008DF4D6 /* OMDB_ViewerUITestsLaunchTests.swift in Sources */,
				C9848E9F2BC84B86008DF4D6 /* OMDB_ViewerUITests.swift in Sources */,
			);
			runOnlyForDeploymentPostprocessing = 0;
		};
/* End PBXSourcesBuildPhase section */

/* Begin PBXTargetDependency section */
		C9848E922BC84B86008DF4D6 /* PBXTargetDependency */ = {
			isa = PBXTargetDependency;
			target = C9848E7F2BC84B84008DF4D6 /* OMDB Viewer */;
			targetProxy = C9848E912BC84B86008DF4D6 /* PBXContainerItemProxy */;
		};
		C9848E9C2BC84B86008DF4D6 /* PBXTargetDependency */ = {
			isa = PBXTargetDependency;
			target = C9848E7F2BC84B84008DF4D6 /* OMDB Viewer */;
			targetProxy = C9848E9B2BC84B86008DF4D6 /* PBXContainerItemProxy */;
		};
/* End PBXTargetDependency section */

/* Begin XCBuildConfiguration section */
		C9848EA22BC84B86008DF4D6 /* Debug */ = {
			isa = XCBuildConfiguration;
			buildSettings = {
				ALWAYS_SEARCH_USER_PATHS = NO;
				ASSETCATALOG_COMPILER_GENERATE_SWIFT_ASSET_SYMBOL_EXTENSIONS = YES;
				CLANG_ANALYZER_NONNULL = YES;
				CLANG_ANALYZER_NUMBER_OBJECT_CONVERSION = YES_AGGRESSIVE;
				CLANG_CXX_LANGUAGE_STANDARD = "gnu++20";
				CLANG_ENABLE_MODULES = YES;
				CLANG_ENABLE_OBJC_ARC = YES;
				CLANG_ENABLE_OBJC_WEAK = YES;
				CLANG_WARN_BLOCK_CAPTURE_AUTORELEASING = YES;
				CLANG_WARN_BOOL_CONVERSION = YES;
				CLANG_WARN_COMMA = YES;
				CLANG_WARN_CONSTANT_CONVERSION = YES;
				CLANG_WARN_DEPRECATED_OBJC_IMPLEMENTATIONS = YES;
				CLANG_WARN_DIRECT_OBJC_ISA_USAGE = YES_ERROR;
				CLANG_WARN_DOCUMENTATION_COMMENTS = YES;
				CLANG_WARN_EMPTY_BODY = YES;
				CLANG_WARN_ENUM_CONVERSION = YES;
				CLANG_WARN_INFINITE_RECURSION = YES;
				CLANG_WARN_INT_CONVERSION = YES;
				CLANG_WARN_NON_LITERAL_NULL_CONVERSION = YES;
				CLANG_WARN_OBJC_IMPLICIT_RETAIN_SELF = YES;
				CLANG_WARN_OBJC_LITERAL_CONVERSION = YES;
				CLANG_WARN_OBJC_ROOT_CLASS = YES_ERROR;
				CLANG_WARN_QUOTED_INCLUDE_IN_FRAMEWORK_HEADER = YES;
				CLANG_WARN_RANGE_LOOP_ANALYSIS = YES;
				CLANG_WARN_STRICT_PROTOTYPES = YES;
				CLANG_WARN_SUSPICIOUS_MOVE = YES;
				CLANG_WARN_UNGUARDED_AVAILABILITY = YES_AGGRESSIVE;
				CLANG_WARN_UNREACHABLE_CODE = YES;
				CLANG_WARN__DUPLICATE_METHOD_MATCH = YES;
				COPY_PHASE_STRIP = NO;
				DEBUG_INFORMATION_FORMAT = dwarf;
				ENABLE_STRICT_OBJC_MSGSEND = YES;
				ENABLE_TESTABILITY = YES;
				ENABLE_USER_SCRIPT_SANDBOXING = YES;
				GCC_C_LANGUAGE_STANDARD = gnu17;
				GCC_DYNAMIC_NO_PIC = NO;
				GCC_NO_COMMON_BLOCKS = YES;
				GCC_OPTIMIZATION_LEVEL = 0;
				GCC_PREPROCESSOR_DEFINITIONS = (
					"DEBUG=1",
					"$(inherited)",
				);
				GCC_WARN_64_TO_32_BIT_CONVERSION = YES;
				GCC_WARN_ABOUT_RETURN_TYPE = YES_ERROR;
				GCC_WARN_UNDECLARED_SELECTOR = YES;
				GCC_WARN_UNINITIALIZED_AUTOS = YES_AGGRESSIVE;
				GCC_WARN_UNUSED_FUNCTION = YES;
				GCC_WARN_UNUSED_VARIABLE = YES;
				IPHONEOS_DEPLOYMENT_TARGET = 15.0;
				LOCALIZATION_PREFERS_STRING_CATALOGS = YES;
				MTL_ENABLE_DEBUG_INFO = INCLUDE_SOURCE;
				MTL_FAST_MATH = YES;
				ONLY_ACTIVE_ARCH = YES;
				SDKROOT = iphoneos;
				SWIFT_ACTIVE_COMPILATION_CONDITIONS = "DEBUG $(inherited)";
				SWIFT_OPTIMIZATION_LEVEL = "-Onone";
			};
			name = Debug;
		};
		C9848EA32BC84B86008DF4D6 /* Release */ = {
			isa = XCBuildConfiguration;
			buildSettings = {
				ALWAYS_SEARCH_USER_PATHS = NO;
				ASSETCATALOG_COMPILER_GENERATE_SWIFT_ASSET_SYMBOL_EXTENSIONS = YES;
				CLANG_ANALYZER_NONNULL = YES;
				CLANG_ANALYZER_NUMBER_OBJECT_CONVERSION = YES_AGGRESSIVE;
				CLANG_CXX_LANGUAGE_STANDARD = "gnu++20";
				CLANG_ENABLE_MODULES = YES;
				CLANG_ENABLE_OBJC_ARC = YES;
				CLANG_ENABLE_OBJC_WEAK = YES;
				CLANG_WARN_BLOCK_CAPTURE_AUTORELEASING = YES;
				CLANG_WARN_BOOL_CONVERSION = YES;
				CLANG_WARN_COMMA = YES;
				CLANG_WARN_CONSTANT_CONVERSION = YES;
				CLANG_WARN_DEPRECATED_OBJC_IMPLEMENTATIONS = YES;
				CLANG_WARN_DIRECT_OBJC_ISA_USAGE = YES_ERROR;
				CLANG_WARN_DOCUMENTATION_COMMENTS = YES;
				CLANG_WARN_EMPTY_BODY = YES;
				CLANG_WARN_ENUM_CONVERSION = YES;
				CLANG_WARN_INFINITE_RECURSION = YES;
				CLANG_WARN_INT_CONVERSION = YES;
				CLANG_WARN_NON_LITERAL_NULL_CONVERSION = YES;
				CLANG_WARN_OBJC_IMPLICIT_RETAIN_SELF = YES;
				CLANG_WARN_OBJC_LITERAL_CONVERSION = YES;
				CLANG_WARN_OBJC_ROOT_CLASS = YES_ERROR;
				CLANG_WARN_QUOTED_INCLUDE_IN_FRAMEWORK_HEADER = YES;
				CLANG_WARN_RANGE_LOOP_ANALYSIS = YES;
				CLANG_WARN_STRICT_PROTOTYPES = YES;
				CLANG_WARN_SUSPICIOUS_MOVE = YES;
				CLANG_WARN_UNGUARDED_AVAILABILITY = YES_AGGRESSIVE;
				CLANG_WARN_UNREACHABLE_CODE = YES;
				CLANG_WARN__DUPLICATE_METHOD_MATCH = YES;
				COPY_PHASE_STRIP = NO;
				DEBUG_INFORMATION_FORMAT = "dwarf-with-dsym";
				ENABLE_NS_ASSERTIONS = NO;
				ENABLE_STRICT_OBJC_MSGSEND = YES;
				ENABLE_USER_SCRIPT_SANDBOXING = YES;
				GCC_C_LANGUAGE_STANDARD = gnu17;
				GCC_NO_COMMON_BLOCKS = YES;
				GCC_WARN_64_TO_32_BIT_CONVERSION = YES;
				GCC_WARN_ABOUT_RETURN_TYPE = YES_ERROR;
				GCC_WARN_UNDECLARED_SELECTOR = YES;
				GCC_WARN_UNINITIALIZED_AUTOS = YES_AGGRESSIVE;
				GCC_WARN_UNUSED_FUNCTION = YES;
				GCC_WARN_UNUSED_VARIABLE = YES;
				IPHONEOS_DEPLOYMENT_TARGET = 15.0;
				LOCALIZATION_PREFERS_STRING_CATALOGS = YES;
				MTL_ENABLE_DEBUG_INFO = NO;
				MTL_FAST_MATH = YES;
				SDKROOT = iphoneos;
				SWIFT_COMPILATION_MODE = wholemodule;
				VALIDATE_PRODUCT = YES;
			};
			name = Release;
		};
		C9848EA52BC84B86008DF4D6 /* Debug */ = {
			isa = XCBuildConfiguration;
			buildSettings = {
				ASSETCATALOG_COMPILER_APPICON_NAME = AppIcon;
				ASSETCATALOG_COMPILER_GLOBAL_ACCENT_COLOR_NAME = AccentColor;
				CODE_SIGN_STYLE = Automatic;
				CURRENT_PROJECT_VERSION = 1;
				DEVELOPMENT_ASSET_PATHS = "\"OMDB Viewer/Preview Content\"";
				DEVELOPMENT_TEAM = LZJU7SVX4N;
				ENABLE_PREVIEWS = YES;
				GENERATE_INFOPLIST_FILE = YES;
				INFOPLIST_KEY_UIApplicationSceneManifest_Generation = YES;
				INFOPLIST_KEY_UIApplicationSupportsIndirectInputEvents = YES;
				INFOPLIST_KEY_UILaunchScreen_Generation = YES;
				INFOPLIST_KEY_UISupportedInterfaceOrientations_iPad = "UIInterfaceOrientationPortrait UIInterfaceOrientationPortraitUpsideDown UIInterfaceOrientationLandscapeLeft UIInterfaceOrientationLandscapeRight";
				INFOPLIST_KEY_UISupportedInterfaceOrientations_iPhone = "UIInterfaceOrientationPortrait UIInterfaceOrientationLandscapeLeft UIInterfaceOrientationLandscapeRight";
				LD_RUNPATH_SEARCH_PATHS = (
					"$(inherited)",
					"@executable_path/Frameworks",
				);
				MARKETING_VERSION = 1.0;
				PRODUCT_BUNDLE_IDENTIFIER = "com.game-writers.OMDB-Viewer";
				PRODUCT_NAME = "$(TARGET_NAME)";
				SWIFT_EMIT_LOC_STRINGS = YES;
				SWIFT_VERSION = 5.0;
				TARGETED_DEVICE_FAMILY = "1,2";
			};
			name = Debug;
		};
		C9848EA62BC84B86008DF4D6 /* Release */ = {
			isa = XCBuildConfiguration;
			buildSettings = {
				ASSETCATALOG_COMPILER_APPICON_NAME = AppIcon;
				ASSETCATALOG_COMPILER_GLOBAL_ACCENT_COLOR_NAME = AccentColor;
				CODE_SIGN_STYLE = Automatic;
				CURRENT_PROJECT_VERSION = 1;
				DEVELOPMENT_ASSET_PATHS = "\"OMDB Viewer/Preview Content\"";
				DEVELOPMENT_TEAM = LZJU7SVX4N;
				ENABLE_PREVIEWS = YES;
				GENERATE_INFOPLIST_FILE = YES;
				INFOPLIST_KEY_UIApplicationSceneManifest_Generation = YES;
				INFOPLIST_KEY_UIApplicationSupportsIndirectInputEvents = YES;
				INFOPLIST_KEY_UILaunchScreen_Generation = YES;
				INFOPLIST_KEY_UISupportedInterfaceOrientations_iPad = "UIInterfaceOrientationPortrait UIInterfaceOrientationPortraitUpsideDown UIInterfaceOrientationLandscapeLeft UIInterfaceOrientationLandscapeRight";
				INFOPLIST_KEY_UISupportedInterfaceOrientations_iPhone = "UIInterfaceOrientationPortrait UIInterfaceOrientationLandscapeLeft UIInterfaceOrientationLandscapeRight";
				LD_RUNPATH_SEARCH_PATHS = (
					"$(inherited)",
					"@executable_path/Frameworks",
				);
				MARKETING_VERSION = 1.0;
				PRODUCT_BUNDLE_IDENTIFIER = "com.game-writers.OMDB-Viewer";
				PRODUCT_NAME = "$(TARGET_NAME)";
				SWIFT_EMIT_LOC_STRINGS = YES;
				SWIFT_VERSION = 5.0;
				TARGETED_DEVICE_FAMILY = "1,2";
			};
			name = Release;
		};
		C9848EA82BC84B86008DF4D6 /* Debug */ = {
			isa = XCBuildConfiguration;
			buildSettings = {
				ALWAYS_EMBED_SWIFT_STANDARD_LIBRARIES = YES;
				BUNDLE_LOADER = "$(TEST_HOST)";
				CODE_SIGN_STYLE = Automatic;
				CURRENT_PROJECT_VERSION = 1;
				DEVELOPMENT_TEAM = LZJU7SVX4N;
				GENERATE_INFOPLIST_FILE = YES;
				IPHONEOS_DEPLOYMENT_TARGET = 15.0;
				MARKETING_VERSION = 1.0;
				PRODUCT_BUNDLE_IDENTIFIER = "com.game-writers.OMDB-ViewerTests";
				PRODUCT_NAME = "$(TARGET_NAME)";
				SWIFT_EMIT_LOC_STRINGS = NO;
				SWIFT_VERSION = 5.0;
				TARGETED_DEVICE_FAMILY = "1,2";
				TEST_HOST = "$(BUILT_PRODUCTS_DIR)/OMDB Viewer.app/$(BUNDLE_EXECUTABLE_FOLDER_PATH)/OMDB Viewer";
			};
			name = Debug;
		};
		C9848EA92BC84B86008DF4D6 /* Release */ = {
			isa = XCBuildConfiguration;
			buildSettings = {
				ALWAYS_EMBED_SWIFT_STANDARD_LIBRARIES = YES;
				BUNDLE_LOADER = "$(TEST_HOST)";
				CODE_SIGN_STYLE = Automatic;
				CURRENT_PROJECT_VERSION = 1;
				DEVELOPMENT_TEAM = LZJU7SVX4N;
				GENERATE_INFOPLIST_FILE = YES;
				IPHONEOS_DEPLOYMENT_TARGET = 15.0;
				MARKETING_VERSION = 1.0;
				PRODUCT_BUNDLE_IDENTIFIER = "com.game-writers.OMDB-ViewerTests";
				PRODUCT_NAME = "$(TARGET_NAME)";
				SWIFT_EMIT_LOC_STRINGS = NO;
				SWIFT_VERSION = 5.0;
				TARGETED_DEVICE_FAMILY = "1,2";
				TEST_HOST = "$(BUILT_PRODUCTS_DIR)/OMDB Viewer.app/$(BUNDLE_EXECUTABLE_FOLDER_PATH)/OMDB Viewer";
			};
			name = Release;
		};
		C9848EAB2BC84B86008DF4D6 /* Debug */ = {
			isa = XCBuildConfiguration;
			buildSettings = {
				ALWAYS_EMBED_SWIFT_STANDARD_LIBRARIES = YES;
				CODE_SIGN_STYLE = Automatic;
				CURRENT_PROJECT_VERSION = 1;
				DEVELOPMENT_TEAM = LZJU7SVX4N;
				GENERATE_INFOPLIST_FILE = YES;
				MARKETING_VERSION = 1.0;
				PRODUCT_BUNDLE_IDENTIFIER = "com.game-writers.OMDB-ViewerUITests";
				PRODUCT_NAME = "$(TARGET_NAME)";
				SWIFT_EMIT_LOC_STRINGS = NO;
				SWIFT_VERSION = 5.0;
				TARGETED_DEVICE_FAMILY = "1,2";
				TEST_TARGET_NAME = "OMDB Viewer";
			};
			name = Debug;
		};
		C9848EAC2BC84B86008DF4D6 /* Release */ = {
			isa = XCBuildConfiguration;
			buildSettings = {
				ALWAYS_EMBED_SWIFT_STANDARD_LIBRARIES = YES;
				CODE_SIGN_STYLE = Automatic;
				CURRENT_PROJECT_VERSION = 1;
				DEVELOPMENT_TEAM = LZJU7SVX4N;
				GENERATE_INFOPLIST_FILE = YES;
				MARKETING_VERSION = 1.0;
				PRODUCT_BUNDLE_IDENTIFIER = "com.game-writers.OMDB-ViewerUITests";
				PRODUCT_NAME = "$(TARGET_NAME)";
				SWIFT_EMIT_LOC_STRINGS = NO;
				SWIFT_VERSION = 5.0;
				TARGETED_DEVICE_FAMILY = "1,2";
				TEST_TARGET_NAME = "OMDB Viewer";
			};
			name = Release;
		};
/* End XCBuildConfiguration section */

/* Begin XCConfigurationList section */
		C9848E7B2BC84B84008DF4D6 /* Build configuration list for PBXProject "OMDB Viewer" */ = {
			isa = XCConfigurationList;
			buildConfigurations = (
				C9848EA22BC84B86008DF4D6 /* Debug */,
				C9848EA32BC84B86008DF4D6 /* Release */,
			);
			defaultConfigurationIsVisible = 0;
			defaultConfigurationName = Release;
		};
		C9848EA42BC84B86008DF4D6 /* Build configuration list for PBXNativeTarget "OMDB Viewer" */ = {
			isa = XCConfigurationList;
			buildConfigurations = (
				C9848EA52BC84B86008DF4D6 /* Debug */,
				C9848EA62BC84B86008DF4D6 /* Release */,
			);
			defaultConfigurationIsVisible = 0;
			defaultConfigurationName = Release;
		};
		C9848EA72BC84B86008DF4D6 /* Build configuration list for PBXNativeTarget "OMDB ViewerTests" */ = {
			isa = XCConfigurationList;
			buildConfigurations = (
				C9848EA82BC84B86008DF4D6 /* Debug */,
				C9848EA92BC84B86008DF4D6 /* Release */,
			);
			defaultConfigurationIsVisible = 0;
			defaultConfigurationName = Release;
		};
		C9848EAA2BC84B86008DF4D6 /* Build configuration list for PBXNativeTarget "OMDB ViewerUITests" */ = {
			isa = XCConfigurationList;
			buildConfigurations = (
				C9848EAB2BC84B86008DF4D6 /* Debug */,
				C9848EAC2BC84B86008DF4D6 /* Release */,
			);
			defaultConfigurationIsVisible = 0;
			defaultConfigurationName = Release;
		};
/* End XCConfigurationList section */

/* Begin XCRemoteSwiftPackageReference section */
		C9848EAD2BC84D2D008DF4D6 /* XCRemoteSwiftPackageReference "SDWebImageSwiftUI" */ = {
			isa = XCRemoteSwiftPackageReference;
			repositoryURL = "https://github.com/SDWebImage/SDWebImageSwiftUI.git";
			requirement = {
				kind = upToNextMajorVersion;
				minimumVersion = 3.0.2;
			};
		};
/* End XCRemoteSwiftPackageReference section */

/* Begin XCSwiftPackageProductDependency section */
		C9848EAE2BC84D2D008DF4D6 /* SDWebImageSwiftUI */ = {
			isa = XCSwiftPackageProductDependency;
			package = C9848EAD2BC84D2D008DF4D6 /* XCRemoteSwiftPackageReference "SDWebImageSwiftUI" */;
			productName = SDWebImageSwiftUI;
		};
/* End XCSwiftPackageProductDependency section */
	};
	rootObject = C9848E782BC84B84008DF4D6 /* Project object */;
}
